<?xml version="1.0" encoding="utf-8"?>
<Project ToolsVersion="4.0" xmlns="http://schemas.microsoft.com/developer/msbuild/2003">
  <ItemGroup>
    <Filter Include="ソース ファイル">
      <UniqueIdentifier>{4FC737F1-C7A5-4376-A066-2A32D752A2FF}</UniqueIdentifier>
      <Extensions>cpp;c;cc;cxx;c++;cppm;ixx;def;odl;idl;hpj;bat;asm;asmx</Extensions>
    </Filter>
    <Filter Include="ヘッダー ファイル">
      <UniqueIdentifier>{93995380-89BD-4b04-88EB-625FBE52EBFB}</UniqueIdentifier>
      <Extensions>h;hh;hpp;hxx;h++;hm;inl;inc;ipp;xsd</Extensions>
    </Filter>
    <Filter Include="リソース ファイル">
      <UniqueIdentifier>{67DA6AB6-F800-4c08-8B7A-83BB121AAD01}</UniqueIdentifier>
      <Extensions>rc;ico;cur;bmp;dlg;rc2;rct;bin;rgs;gif;jpg;jpeg;jpe;resx;tiff;tif;png;wav;mfcribbon-ms</Extensions>
    </Filter>
    <Filter Include="ソース ファイル\2d %28DebugTxt  Sprite Texture%29">
      <UniqueIdentifier>{89448607-1f71-4fa2-81d3-a098497fd03e}</UniqueIdentifier>
    </Filter>
    <Filter Include="ソース ファイル\3d %28Model  Obj  Fbx%29">
      <UniqueIdentifier>{c85e5191-d41d-42d7-965e-2909d1472162}</UniqueIdentifier>
    </Filter>
    <Filter Include="ソース ファイル\3d %28Model  Obj  Fbx%29\fbx">
      <UniqueIdentifier>{ba43dd49-6aa5-4fff-8b68-8672c915be4d}</UniqueIdentifier>
    </Filter>
    <Filter Include="ソース ファイル\3d %28Model  Obj  Fbx%29\obj">
      <UniqueIdentifier>{7f66ef81-f622-425c-85f0-bc4fc79503dd}</UniqueIdentifier>
    </Filter>
    <Filter Include="ソース ファイル\2d %28DebugTxt  Sprite Texture%29\sprite">
      <UniqueIdentifier>{c35e7984-0336-4ead-98e9-4c5d055a7d42}</UniqueIdentifier>
    </Filter>
    <Filter Include="ソース ファイル\2d %28DebugTxt  Sprite Texture%29\texture">
      <UniqueIdentifier>{3e806fd0-a6b2-4fe8-bf08-baafb4aac7a9}</UniqueIdentifier>
    </Filter>
    <Filter Include="ソース ファイル\2d %28DebugTxt  Sprite Texture%29\posteffect">
      <UniqueIdentifier>{3aec48ac-9748-421e-b3b2-330ac8332409}</UniqueIdentifier>
    </Filter>
    <Filter Include="ソース ファイル\audio">
      <UniqueIdentifier>{3a331b0b-7e8a-4e0c-b7a3-7b527867ea08}</UniqueIdentifier>
    </Filter>
    <Filter Include="ソース ファイル\base %28Dxcmn  Winapp  Input%29">
      <UniqueIdentifier>{d329b92f-f1df-4fd0-8987-7702493d45c0}</UniqueIdentifier>
    </Filter>
    <Filter Include="ソース ファイル\camera">
      <UniqueIdentifier>{133564d7-a6f9-464b-959e-0a1b2ee172da}</UniqueIdentifier>
    </Filter>
    <Filter Include="ソース ファイル\collision">
      <UniqueIdentifier>{a5d15daa-90ff-4b7f-a438-af2ba141053a}</UniqueIdentifier>
    </Filter>
    <Filter Include="ソース ファイル\gameobject">
      <UniqueIdentifier>{21df807f-5c3c-43d9-9a7d-fa929d490fa6}</UniqueIdentifier>
    </Filter>
    <Filter Include="ソース ファイル\meffekseer">
      <UniqueIdentifier>{c78c38e5-dd88-4b91-9520-79476c552f16}</UniqueIdentifier>
    </Filter>
    <Filter Include="ソース ファイル\gameobject\Effect">
      <UniqueIdentifier>{cde7b5c8-229f-4dbe-af23-76f702f8ffbc}</UniqueIdentifier>
    </Filter>
    <Filter Include="ソース ファイル\UI">
      <UniqueIdentifier>{dd958707-cbce-4c7f-9484-fc9b5fe5c097}</UniqueIdentifier>
    </Filter>
    <Filter Include="ソース ファイル\Scene">
      <UniqueIdentifier>{71571380-9e3e-4eae-8be2-8821f123a3af}</UniqueIdentifier>
    </Filter>
    <Filter Include="ソース ファイル\Scene\SceneManager">
      <UniqueIdentifier>{56fcbf9e-9fe0-4faa-aa45-1615c0d8fd02}</UniqueIdentifier>
    </Filter>
    <Filter Include="ソース ファイル\Scene\title,play">
      <UniqueIdentifier>{1c29f6ca-2414-4584-bc7f-019dad1dc8ef}</UniqueIdentifier>
    </Filter>
    <Filter Include="ソース ファイル\Scene\basescene">
      <UniqueIdentifier>{ba3e160d-6499-4593-ad7e-388c395ab9f1}</UniqueIdentifier>
    </Filter>
    <Filter Include="ソース ファイル\light">
      <UniqueIdentifier>{183d173f-2d44-495f-b8c2-3ba74039a818}</UniqueIdentifier>
    </Filter>
    <Filter Include="ソース ファイル\framework">
      <UniqueIdentifier>{a1bad7c0-fa12-4aaf-8391-fafcad7f2b9f}</UniqueIdentifier>
    </Filter>
    <Filter Include="ソース ファイル\gameobject\Character%28基底%29">
      <UniqueIdentifier>{425453b5-adde-47de-ba48-7d1662729b92}</UniqueIdentifier>
    </Filter>
    <Filter Include="ソース ファイル\gameobject\Character%28派生%29">
      <UniqueIdentifier>{f77586a8-7670-47b0-b789-7f17cb17d020}</UniqueIdentifier>
    </Filter>
    <Filter Include="ソース ファイル\gameobject\Character%28派生%29\Enemy">
      <UniqueIdentifier>{44632ff4-800b-42a1-b3ca-1a2202c89452}</UniqueIdentifier>
    </Filter>
    <Filter Include="ソース ファイル\gameobject\Character%28派生%29\Enemy\基底クラス">
      <UniqueIdentifier>{ffb227aa-a1e9-49e1-a3c2-fa58367f9f19}</UniqueIdentifier>
    </Filter>
    <Filter Include="ソース ファイル\gameobject\Character%28派生%29\Enemy\派生クラス">
      <UniqueIdentifier>{fea36ed0-c819-4898-a60b-a019703658a8}</UniqueIdentifier>
    </Filter>
    <Filter Include="ソース ファイル\gameobject\Character%28派生%29\Player">
      <UniqueIdentifier>{82a94310-85ef-4641-b334-083a5d0e8f8f}</UniqueIdentifier>
    </Filter>
  </ItemGroup>
  <ItemGroup>
    <FxCompile Include="BlurPS.hlsl">
      <Filter>リソース ファイル</Filter>
    </FxCompile>
    <FxCompile Include="BlurVS.hlsl">
      <Filter>リソース ファイル</Filter>
    </FxCompile>
    <FxCompile Include="SpriteVS.hlsl">
      <Filter>リソース ファイル</Filter>
    </FxCompile>
    <FxCompile Include="SpritePS.hlsl">
      <Filter>リソース ファイル</Filter>
    </FxCompile>
    <FxCompile Include="FBXVS.hlsl">
      <Filter>リソース ファイル</Filter>
    </FxCompile>
    <FxCompile Include="FBXPS.hlsl">
      <Filter>リソース ファイル</Filter>
    </FxCompile>
    <FxCompile Include="PostEffectTestPS.hlsl">
      <Filter>リソース ファイル</Filter>
    </FxCompile>
    <FxCompile Include="PostEffectTestVS.hlsl">
      <Filter>リソース ファイル</Filter>
    </FxCompile>
    <FxCompile Include="lightver.hlsl">
      <Filter>リソース ファイル</Filter>
    </FxCompile>
    <FxCompile Include="lightpixel.hlsl">
      <Filter>リソース ファイル</Filter>
    </FxCompile>
    <FxCompile Include="BasicVS.hlsl">
      <Filter>リソース ファイル</Filter>
    </FxCompile>
    <FxCompile Include="BasicPS.hlsl">
      <Filter>リソース ファイル</Filter>
    </FxCompile>
    <FxCompile Include="ShadowPS.hlsl">
      <Filter>リソース ファイル</Filter>
    </FxCompile>
    <FxCompile Include="ShadowVS.hlsl">
      <Filter>リソース ファイル</Filter>
    </FxCompile>
  </ItemGroup>
  <ItemGroup>
    <ClCompile Include="main.cpp">
      <Filter>ソース ファイル</Filter>
    </ClCompile>
    <ClCompile Include="Sprite.cpp">
      <Filter>ソース ファイル\2d %28DebugTxt  Sprite Texture%29\sprite</Filter>
    </ClCompile>
    <ClCompile Include="DebugTxt.cpp">
      <Filter>ソース ファイル\2d %28DebugTxt  Sprite Texture%29\sprite</Filter>
    </ClCompile>
    <ClCompile Include="PostEffect.cpp">
      <Filter>ソース ファイル\2d %28DebugTxt  Sprite Texture%29\posteffect</Filter>
    </ClCompile>
    <ClCompile Include="Texture.cpp">
      <Filter>ソース ファイル\2d %28DebugTxt  Sprite Texture%29\texture</Filter>
    </ClCompile>
    <ClCompile Include="f_Model.cpp">
      <Filter>ソース ファイル\3d %28Model  Obj  Fbx%29\fbx</Filter>
    </ClCompile>
    <ClCompile Include="f_Object3d.cpp">
      <Filter>ソース ファイル\3d %28Model  Obj  Fbx%29\fbx</Filter>
    </ClCompile>
    <ClCompile Include="FbxLoader.cpp">
      <Filter>ソース ファイル\3d %28Model  Obj  Fbx%29\fbx</Filter>
    </ClCompile>
    <ClCompile Include="Material.cpp">
      <Filter>ソース ファイル\3d %28Model  Obj  Fbx%29\obj</Filter>
    </ClCompile>
    <ClCompile Include="Mesh.cpp">
      <Filter>ソース ファイル\3d %28Model  Obj  Fbx%29\obj</Filter>
    </ClCompile>
    <ClCompile Include="Model.cpp">
      <Filter>ソース ファイル\3d %28Model  Obj  Fbx%29\obj</Filter>
    </ClCompile>
    <ClCompile Include="Object3d.cpp">
      <Filter>ソース ファイル\3d %28Model  Obj  Fbx%29\obj</Filter>
    </ClCompile>
    <ClCompile Include="Audio.cpp">
      <Filter>ソース ファイル\audio</Filter>
    </ClCompile>
    <ClCompile Include="DirectXCommon.cpp">
      <Filter>ソース ファイル\base %28Dxcmn  Winapp  Input%29</Filter>
    </ClCompile>
    <ClCompile Include="Input.cpp">
      <Filter>ソース ファイル\base %28Dxcmn  Winapp  Input%29</Filter>
    </ClCompile>
    <ClCompile Include="WinApp.cpp">
      <Filter>ソース ファイル\base %28Dxcmn  Winapp  Input%29</Filter>
    </ClCompile>
    <ClCompile Include="DebugCamera.cpp">
      <Filter>ソース ファイル\camera</Filter>
    </ClCompile>
    <ClCompile Include="Camera.cpp">
      <Filter>ソース ファイル\camera</Filter>
    </ClCompile>
    <ClCompile Include="BaseCollider.cpp">
      <Filter>ソース ファイル\collision</Filter>
    </ClCompile>
    <ClCompile Include="Collision.cpp">
      <Filter>ソース ファイル\collision</Filter>
    </ClCompile>
    <ClCompile Include="SphereCollider.cpp">
      <Filter>ソース ファイル\collision</Filter>
    </ClCompile>
    <ClCompile Include="CollisionPrimitive.cpp">
      <Filter>ソース ファイル\collision</Filter>
    </ClCompile>
    <ClCompile Include="Framework.cpp">
      <Filter>ソース ファイル\framework</Filter>
    </ClCompile>
    <ClCompile Include="SceneManager.cpp">
      <Filter>ソース ファイル\Scene\SceneManager</Filter>
    </ClCompile>
    <ClCompile Include="MyGame.cpp">
      <Filter>ソース ファイル\Scene\basescene</Filter>
    </ClCompile>
    <ClCompile Include="PlayScene.cpp">
      <Filter>ソース ファイル\Scene\title,play</Filter>
    </ClCompile>
    <ClCompile Include="TitleScene.cpp">
      <Filter>ソース ファイル\Scene\title,play</Filter>
    </ClCompile>
    <ClCompile Include="BaseScene.cpp">
      <Filter>ソース ファイル\Scene\basescene</Filter>
    </ClCompile>
    <ClCompile Include="LightGroup.cpp">
      <Filter>ソース ファイル\light</Filter>
    </ClCompile>
    <ClCompile Include="Effects.cpp">
      <Filter>ソース ファイル\gameobject\Effect</Filter>
    </ClCompile>
    <ClCompile Include="Player.cpp">
      <Filter>ソース ファイル\gameobject\Character%28派生%29\Player</Filter>
    </ClCompile>
    <ClCompile Include="BossEnemy.cpp">
      <Filter>ソース ファイル\gameobject\Character%28派生%29\Enemy\派生クラス</Filter>
    </ClCompile>
    <ClCompile Include="Enemy.cpp">
      <Filter>ソース ファイル\gameobject\Character%28派生%29\Enemy\基底クラス</Filter>
    </ClCompile>
    <ClCompile Include="MobEnemy.cpp">
      <Filter>ソース ファイル\gameobject\Character%28派生%29\Enemy\派生クラス</Filter>
    </ClCompile>
    <ClCompile Include="mEffekseer.cpp">
      <Filter>ソース ファイル\meffekseer</Filter>
    </ClCompile>
    <ClCompile Include="GameUI.cpp">
      <Filter>ソース ファイル\UI</Filter>
    </ClCompile>
    <ClCompile Include="CollisionManager.cpp">
      <Filter>ソース ファイル\collision</Filter>
    </ClCompile>
    <ClCompile Include="MeshCollider.cpp">
      <Filter>ソース ファイル\collision</Filter>
    </ClCompile>
    <ClCompile Include="TouchableObject.cpp">
      <Filter>ソース ファイル\collision</Filter>
    </ClCompile>
    <ClCompile Include="TargetMarker.cpp">
      <Filter>ソース ファイル\UI</Filter>
    </ClCompile>
    <ClCompile Include="OBBCollision.cpp">
      <Filter>ソース ファイル</Filter>
    </ClCompile>
    <ClCompile Include="QueryCallback.cpp">
      <Filter>ソース ファイル</Filter>
    </ClCompile>
    <ClCompile Include="Character.cpp">
      <Filter>ソース ファイル\gameobject\Character%28基底%29</Filter>
    </ClCompile>
    <ClCompile Include="ShadowMap.cpp">
      <Filter>ソース ファイル</Filter>
    </ClCompile>
  </ItemGroup>
  <ItemGroup>
    <None Include="Blur.hlsli">
      <Filter>リソース ファイル</Filter>
    </None>
    <None Include="Sprite.hlsli">
      <Filter>リソース ファイル</Filter>
    </None>
    <None Include="FBX.hlsli">
      <Filter>リソース ファイル</Filter>
    </None>
    <None Include="PostEffectTest.hlsli">
      <Filter>リソース ファイル</Filter>
    </None>
    <None Include="light.hlsli">
      <Filter>リソース ファイル</Filter>
    </None>
    <None Include="Header.hlsli">
      <Filter>リソース ファイル</Filter>
    </None>
    <None Include="Shadow.hlsli">
      <Filter>リソース ファイル</Filter>
    </None>
  </ItemGroup>
  <ItemGroup>
    <ClInclude Include="Sprite.h">
      <Filter>ソース ファイル\2d %28DebugTxt  Sprite Texture%29\sprite</Filter>
    </ClInclude>
    <ClInclude Include="DebugTxt.h">
      <Filter>ソース ファイル\2d %28DebugTxt  Sprite Texture%29\sprite</Filter>
    </ClInclude>
    <ClInclude Include="PostEffect.h">
      <Filter>ソース ファイル\2d %28DebugTxt  Sprite Texture%29\posteffect</Filter>
    </ClInclude>
    <ClInclude Include="Texture.h">
      <Filter>ソース ファイル\2d %28DebugTxt  Sprite Texture%29\texture</Filter>
    </ClInclude>
    <ClInclude Include="f_Model.h">
      <Filter>ソース ファイル\3d %28Model  Obj  Fbx%29\fbx</Filter>
    </ClInclude>
    <ClInclude Include="f_Object3d.h">
      <Filter>ソース ファイル\3d %28Model  Obj  Fbx%29\fbx</Filter>
    </ClInclude>
    <ClInclude Include="FbxLoader.h">
      <Filter>ソース ファイル\3d %28Model  Obj  Fbx%29\fbx</Filter>
    </ClInclude>
    <ClInclude Include="Material.h">
      <Filter>ソース ファイル\3d %28Model  Obj  Fbx%29\obj</Filter>
    </ClInclude>
    <ClInclude Include="Mesh.h">
      <Filter>ソース ファイル\3d %28Model  Obj  Fbx%29\obj</Filter>
    </ClInclude>
    <ClInclude Include="Model.h">
      <Filter>ソース ファイル\3d %28Model  Obj  Fbx%29\obj</Filter>
    </ClInclude>
    <ClInclude Include="Object3d.h">
      <Filter>ソース ファイル\3d %28Model  Obj  Fbx%29\obj</Filter>
    </ClInclude>
    <ClInclude Include="Audio.h">
      <Filter>ソース ファイル\audio</Filter>
    </ClInclude>
    <ClInclude Include="DirectXCommon.h">
      <Filter>ソース ファイル\base %28Dxcmn  Winapp  Input%29</Filter>
    </ClInclude>
    <ClInclude Include="Input.h">
      <Filter>ソース ファイル\base %28Dxcmn  Winapp  Input%29</Filter>
    </ClInclude>
    <ClInclude Include="WinApp.h">
      <Filter>ソース ファイル\base %28Dxcmn  Winapp  Input%29</Filter>
    </ClInclude>
    <ClInclude Include="DebugCamera.h">
      <Filter>ソース ファイル\camera</Filter>
    </ClInclude>
    <ClInclude Include="Camera.h">
      <Filter>ソース ファイル\camera</Filter>
    </ClInclude>
    <ClInclude Include="CollisionTypes.h">
      <Filter>ソース ファイル\collision</Filter>
    </ClInclude>
    <ClInclude Include="CollisionInfo.h">
      <Filter>ソース ファイル\collision</Filter>
    </ClInclude>
    <ClInclude Include="CollisionPrimitive.h">
      <Filter>ソース ファイル\collision</Filter>
    </ClInclude>
    <ClInclude Include="BaseCollider.h">
      <Filter>ソース ファイル\collision</Filter>
    </ClInclude>
    <ClInclude Include="Collision.h">
      <Filter>ソース ファイル\collision</Filter>
    </ClInclude>
    <ClInclude Include="SphereCollider.h">
      <Filter>ソース ファイル\collision</Filter>
    </ClInclude>
    <ClInclude Include="Framework.h">
      <Filter>ソース ファイル\framework</Filter>
    </ClInclude>
    <ClInclude Include="SceneManager.h">
      <Filter>ソース ファイル\Scene\SceneManager</Filter>
    </ClInclude>
    <ClInclude Include="MyGame.h">
      <Filter>ソース ファイル\Scene\basescene</Filter>
    </ClInclude>
    <ClInclude Include="TitleScene.h">
      <Filter>ソース ファイル\Scene\title,play</Filter>
    </ClInclude>
    <ClInclude Include="PlayScene.h">
      <Filter>ソース ファイル\Scene\title,play</Filter>
    </ClInclude>
    <ClInclude Include="BaseScene.h">
      <Filter>ソース ファイル\Scene\basescene</Filter>
    </ClInclude>
    <ClInclude Include="DirectionalLight.h">
      <Filter>ソース ファイル\light</Filter>
    </ClInclude>
    <ClInclude Include="PointLight.h">
      <Filter>ソース ファイル\light</Filter>
    </ClInclude>
    <ClInclude Include="SpotLight.h">
      <Filter>ソース ファイル\light</Filter>
    </ClInclude>
    <ClInclude Include="LightGroup.h">
      <Filter>ソース ファイル\light</Filter>
    </ClInclude>
    <ClInclude Include="Effects.h">
      <Filter>ソース ファイル\gameobject\Effect</Filter>
    </ClInclude>
    <ClInclude Include="Player.h">
      <Filter>ソース ファイル\gameobject\Character%28派生%29\Player</Filter>
    </ClInclude>
    <ClInclude Include="BossEnemy.h">
      <Filter>ソース ファイル\gameobject\Character%28派生%29\Enemy\派生クラス</Filter>
    </ClInclude>
    <ClInclude Include="Enemy.h">
      <Filter>ソース ファイル\gameobject\Character%28派生%29\Enemy\基底クラス</Filter>
    </ClInclude>
    <ClInclude Include="MobEnemy.h">
      <Filter>ソース ファイル\gameobject\Character%28派生%29\Enemy\派生クラス</Filter>
    </ClInclude>
    <ClInclude Include="mEffekseer.h">
      <Filter>ソース ファイル\meffekseer</Filter>
    </ClInclude>
    <ClInclude Include="GameUI.h">
      <Filter>ソース ファイル\UI</Filter>
    </ClInclude>
    <ClInclude Include="MeshCollider.h">
      <Filter>ソース ファイル\collision</Filter>
    </ClInclude>
    <ClInclude Include="CollisionManager.h">
      <Filter>ソース ファイル\collision</Filter>
    </ClInclude>
    <ClInclude Include="RaycastHit.h">
      <Filter>ソース ファイル\collision</Filter>
    </ClInclude>
    <ClInclude Include="TouchableObject.h">
      <Filter>ソース ファイル\collision</Filter>
    </ClInclude>
    <ClInclude Include="TargetMarker.h">
      <Filter>ソース ファイル\UI</Filter>
    </ClInclude>
    <ClInclude Include="OBBCollision.h">
      <Filter>ヘッダー ファイル</Filter>
    </ClInclude>
    <ClInclude Include="OBB.h">
      <Filter>ソース ファイル</Filter>
    </ClInclude>
    <ClInclude Include="CollisionAttribute.h">
      <Filter>ヘッダー ファイル</Filter>
    </ClInclude>
    <ClInclude Include="QueryCallback.h">
      <Filter>ヘッダー ファイル</Filter>
    </ClInclude>
    <ClInclude Include="Character.h">
      <Filter>ソース ファイル\gameobject\Character%28基底%29</Filter>
    </ClInclude>
    <ClInclude Include="ShadowMap.h">
      <Filter>ヘッダー ファイル</Filter>
    </ClInclude>
  </ItemGroup>
</Project>